
Microsoft Visual Studio Solution File, Format Version 12.00
# Visual Studio Version 17
VisualStudioVersion = 17.2.32526.322
MinimumVisualStudioVersion = 10.0.40219.1
Project("{FAE04EC0-301F-11D3-BF4B-00C04F79EFBC}") = "FinalProject2", "FinalProject2\FinalProject2.csproj", "{B899F51D-C2CB-4BD4-BA01-988D853C2EF2}"
EndProject
Global
	GlobalSection(SolutionConfigurationPlatforms) = preSolution
		Debug|Any CPU = Debug|Any CPU
		Release|Any CPU = Release|Any CPU
	EndGlobalSection
	GlobalSection(ProjectConfigurationPlatforms) = postSolution
		{B899F51D-C2CB-4BD4-BA01-988D853C2EF2}.Debug|Any CPU.ActiveCfg = Debug|Any CPU
		{B899F51D-C2CB-4BD4-BA01-988D853C2EF2}.Debug|Any CPU.Build.0 = Debug|Any CPU
		{B899F51D-C2CB-4BD4-BA01-988D853C2EF2}.Release|Any CPU.ActiveCfg = Release|Any CPU
		{B899F51D-C2CB-4BD4-BA01-988D853C2EF2}.Release|Any CPU.Build.0 = Release|Any CPU
	EndGlobalSection
	GlobalSection(SolutionProperties) = preSolution
		HideSolutionNode = FALSE
	EndGlobalSection
	GlobalSection(ExtensibilityGlobals) = postSolution
		SolutionGuid = {D8C4DF21-6BA1-44C9-B7E2-46BB83444B00}
	EndGlobalSection
EndGlobal
